
Microsoft Visual Studio Solution File, Format Version 12.00
# Visual Studio 2012
Project("{FAE04EC0-301F-11D3-BF4B-00C04F79EFBC}") = "Graficador_Parametricas", "Graficador_Parametricas\Graficador_Parametricas.csproj", "{120C4078-C9A3-46A7-9437-D37B701966F1}"
EndProject
Global
	GlobalSection(SolutionConfigurationPlatforms) = preSolution
		Debug|Any CPU = Debug|Any CPU
		Release|Any CPU = Release|Any CPU
	EndGlobalSection
	GlobalSection(ProjectConfigurationPlatforms) = postSolution
		{120C4078-C9A3-46A7-9437-D37B701966F1}.Debug|Any CPU.ActiveCfg = Debug|Any CPU
		{120C4078-C9A3-46A7-9437-D37B701966F1}.Debug|Any CPU.Build.0 = Debug|Any CPU
		{120C4078-C9A3-46A7-9437-D37B701966F1}.Release|Any CPU.ActiveCfg = Release|Any CPU
		{120C4078-C9A3-46A7-9437-D37B701966F1}.Release|Any CPU.Build.0 = Release|Any CPU
	EndGlobalSection
	GlobalSection(SolutionProperties) = preSolution
		HideSolutionNode = FALSE
	EndGlobalSection
EndGlobal
