
Microsoft Visual Studio Solution File, Format Version 12.00
# Visual Studio 2012
Project("{FAE04EC0-301F-11D3-BF4B-00C04F79EFBC}") = "Graficador_Figuras", "Graficador_Figuras\Graficador_Figuras.csproj", "{6190ECAB-6B95-47B9-B927-08EBA19FAC36}"
EndProject
Global
	GlobalSection(SolutionConfigurationPlatforms) = preSolution
		Debug|Any CPU = Debug|Any CPU
		Release|Any CPU = Release|Any CPU
	EndGlobalSection
	GlobalSection(ProjectConfigurationPlatforms) = postSolution
		{6190ECAB-6B95-47B9-B927-08EBA19FAC36}.Debug|Any CPU.ActiveCfg = Debug|Any CPU
		{6190ECAB-6B95-47B9-B927-08EBA19FAC36}.Debug|Any CPU.Build.0 = Debug|Any CPU
		{6190ECAB-6B95-47B9-B927-08EBA19FAC36}.Release|Any CPU.ActiveCfg = Release|Any CPU
		{6190ECAB-6B95-47B9-B927-08EBA19FAC36}.Release|Any CPU.Build.0 = Release|Any CPU
	EndGlobalSection
	GlobalSection(SolutionProperties) = preSolution
		HideSolutionNode = FALSE
	EndGlobalSection
EndGlobal
