
Microsoft Visual Studio Solution File, Format Version 12.00
# Visual Studio 14
VisualStudioVersion = 14.0.25420.1
MinimumVisualStudioVersion = 10.0.40219.1
Project("{FAE04EC0-301F-11D3-BF4B-00C04F79EFBC}") = "Agenda escolar", "Agenda escolar\Agenda escolar.csproj", "{9F05AF54-C39A-4D01-B710-473C097A1EFA}"
EndProject
Global
	GlobalSection(SolutionConfigurationPlatforms) = preSolution
		Debug|Any CPU = Debug|Any CPU
		Release|Any CPU = Release|Any CPU
	EndGlobalSection
	GlobalSection(ProjectConfigurationPlatforms) = postSolution
		{9F05AF54-C39A-4D01-B710-473C097A1EFA}.Debug|Any CPU.ActiveCfg = Debug|Any CPU
		{9F05AF54-C39A-4D01-B710-473C097A1EFA}.Debug|Any CPU.Build.0 = Debug|Any CPU
		{9F05AF54-C39A-4D01-B710-473C097A1EFA}.Debug|Any CPU.Deploy.0 = Debug|Any CPU
		{9F05AF54-C39A-4D01-B710-473C097A1EFA}.Release|Any CPU.ActiveCfg = Release|Any CPU
		{9F05AF54-C39A-4D01-B710-473C097A1EFA}.Release|Any CPU.Build.0 = Release|Any CPU
		{9F05AF54-C39A-4D01-B710-473C097A1EFA}.Release|Any CPU.Deploy.0 = Release|Any CPU
	EndGlobalSection
	GlobalSection(SolutionProperties) = preSolution
		HideSolutionNode = FALSE
	EndGlobalSection
EndGlobal
